
Microsoft Visual Studio Solution File, Format Version 12.00
# Visual Studio Version 17
VisualStudioVersion = 17.5.33424.131
MinimumVisualStudioVersion = 10.0.40219.1
Project("{FAE04EC0-301F-11D3-BF4B-00C04F79EFBC}") = "CVAsp.NetProject", "CVAsp.NetProject\CVAsp.NetProject.csproj", "{679384E7-D4CC-49E9-B8AF-9BEA3D9B8EE8}"
EndProject
Global
	GlobalSection(SolutionConfigurationPlatforms) = preSolution
		Debug|Any CPU = Debug|Any CPU
		Release|Any CPU = Release|Any CPU
	EndGlobalSection
	GlobalSection(ProjectConfigurationPlatforms) = postSolution
		{679384E7-D4CC-49E9-B8AF-9BEA3D9B8EE8}.Debug|Any CPU.ActiveCfg = Debug|Any CPU
		{679384E7-D4CC-49E9-B8AF-9BEA3D9B8EE8}.Debug|Any CPU.Build.0 = Debug|Any CPU
		{679384E7-D4CC-49E9-B8AF-9BEA3D9B8EE8}.Release|Any CPU.ActiveCfg = Release|Any CPU
		{679384E7-D4CC-49E9-B8AF-9BEA3D9B8EE8}.Release|Any CPU.Build.0 = Release|Any CPU
	EndGlobalSection
	GlobalSection(SolutionProperties) = preSolution
		HideSolutionNode = FALSE
	EndGlobalSection
	GlobalSection(ExtensibilityGlobals) = postSolution
		SolutionGuid = {AEA611AC-B3E2-4C5C-AD6C-C33AF63F1905}
	EndGlobalSection
EndGlobal
